
Microsoft Visual Studio Solution File, Format Version 12.00
# Visual Studio Version 17
VisualStudioVersion = 17.0.32014.148
MinimumVisualStudioVersion = 10.0.40219.1
Project("{FAE04EC0-301F-11D3-BF4B-00C04F79EFBC}") = "OldXstReader", "OldXstReader\OldXstReader.csproj", "{BB8E0530-8EA6-4E02-9399-03A9AB13705F}"
EndProject
Project("{9A19103F-16F7-4668-BE54-9A1E7A4F7556}") = "XstReader.Api", "XstReader.Api\XstReader.Api.csproj", "{D908DFC8-97E8-430A-8F59-715047C17334}"
EndProject
Project("{9A19103F-16F7-4668-BE54-9A1E7A4F7556}") = "XstExporter", "XstExporter\XstExporter.csproj", "{C4C94171-E9AE-4CAA-A648-FDE24C4F4AF7}"
EndProject
Project("{9A19103F-16F7-4668-BE54-9A1E7A4F7556}") = "XstExporter.Portable", "XstExporter.Portable\XstExporter.Portable.csproj", "{2C404BFB-9337-4430-8DFE-80747FF7CB85}"
EndProject
Project("{9A19103F-16F7-4668-BE54-9A1E7A4F7556}") = "XstReader.App", "XstReader\XstReader.App.csproj", "{D9E003E7-A9C5-40AC-AF20-DE4B4A2F1BEF}"
EndProject
Project("{2150E333-8FDC-42A3-9474-1A3956D46DE8}") = "API", "API", "{425236F2-D6A1-41CF-820B-9E90D91C66C3}"
EndProject
Project("{2150E333-8FDC-42A3-9474-1A3956D46DE8}") = "Reader", "Reader", "{D07D78AE-C20E-4144-A255-4C157A39F19A}"
EndProject
Project("{2150E333-8FDC-42A3-9474-1A3956D46DE8}") = "Exporter", "Exporter", "{FCBDDB40-F1BB-47C9-BF52-53371A1F26BA}"
EndProject
Project("{2150E333-8FDC-42A3-9474-1A3956D46DE8}") = "Old", "Old", "{6E639C7B-6AFA-4E65-B80B-B04105A1067D}"
EndProject
Project("{9A19103F-16F7-4668-BE54-9A1E7A4F7556}") = "XstReader.App.Common", "XstReader.Common\XstReader.App.Common.csproj", "{46BC99F4-8B30-4654-AA01-586CC1727905}"
EndProject
Project("{9A19103F-16F7-4668-BE54-9A1E7A4F7556}") = "XstReader.Exporter", "XstReader.Exporter\XstReader.Exporter.csproj", "{EBDF5C35-1050-472C-853E-345A8424752E}"
EndProject
Global
	GlobalSection(SolutionConfigurationPlatforms) = preSolution
		Debug|Any CPU = Debug|Any CPU
		Debug|x64 = Debug|x64
		Debug|x86 = Debug|x86
		Release|Any CPU = Release|Any CPU
		Release|x64 = Release|x64
		Release|x86 = Release|x86
	EndGlobalSection
	GlobalSection(ProjectConfigurationPlatforms) = postSolution
		{BB8E0530-8EA6-4E02-9399-03A9AB13705F}.Debug|Any CPU.ActiveCfg = Debug|Any CPU
		{BB8E0530-8EA6-4E02-9399-03A9AB13705F}.Debug|Any CPU.Build.0 = Debug|Any CPU
		{BB8E0530-8EA6-4E02-9399-03A9AB13705F}.Debug|x64.ActiveCfg = Debug|Any CPU
		{BB8E0530-8EA6-4E02-9399-03A9AB13705F}.Debug|x64.Build.0 = Debug|Any CPU
		{BB8E0530-8EA6-4E02-9399-03A9AB13705F}.Debug|x86.ActiveCfg = Debug|x86
		{BB8E0530-8EA6-4E02-9399-03A9AB13705F}.Debug|x86.Build.0 = Debug|x86
		{BB8E0530-8EA6-4E02-9399-03A9AB13705F}.Release|Any CPU.ActiveCfg = Release|Any CPU
		{BB8E0530-8EA6-4E02-9399-03A9AB13705F}.Release|Any CPU.Build.0 = Release|Any CPU
		{BB8E0530-8EA6-4E02-9399-03A9AB13705F}.Release|x64.ActiveCfg = Release|Any CPU
		{BB8E0530-8EA6-4E02-9399-03A9AB13705F}.Release|x64.Build.0 = Release|Any CPU
		{BB8E0530-8EA6-4E02-9399-03A9AB13705F}.Release|x86.ActiveCfg = Release|x86
		{BB8E0530-8EA6-4E02-9399-03A9AB13705F}.Release|x86.Build.0 = Release|x86
		{D908DFC8-97E8-430A-8F59-715047C17334}.Debug|Any CPU.ActiveCfg = Debug|Any CPU
		{D908DFC8-97E8-430A-8F59-715047C17334}.Debug|Any CPU.Build.0 = Debug|Any CPU
		{D908DFC8-97E8-430A-8F59-715047C17334}.Debug|x64.ActiveCfg = Debug|Any CPU
		{D908DFC8-97E8-430A-8F59-715047C17334}.Debug|x64.Build.0 = Debug|Any CPU
		{D908DFC8-97E8-430A-8F59-715047C17334}.Debug|x86.ActiveCfg = Debug|Any CPU
		{D908DFC8-97E8-430A-8F59-715047C17334}.Debug|x86.Build.0 = Debug|Any CPU
		{D908DFC8-97E8-430A-8F59-715047C17334}.Release|Any CPU.ActiveCfg = Release|Any CPU
		{D908DFC8-97E8-430A-8F59-715047C17334}.Release|Any CPU.Build.0 = Release|Any CPU
		{D908DFC8-97E8-430A-8F59-715047C17334}.Release|x64.ActiveCfg = Release|Any CPU
		{D908DFC8-97E8-430A-8F59-715047C17334}.Release|x64.Build.0 = Release|Any CPU
		{D908DFC8-97E8-430A-8F59-715047C17334}.Release|x86.ActiveCfg = Release|Any CPU
		{D908DFC8-97E8-430A-8F59-715047C17334}.Release|x86.Build.0 = Release|Any CPU
		{C4C94171-E9AE-4CAA-A648-FDE24C4F4AF7}.Debug|Any CPU.ActiveCfg = Debug|Any CPU
		{C4C94171-E9AE-4CAA-A648-FDE24C4F4AF7}.Debug|Any CPU.Build.0 = Debug|Any CPU
		{C4C94171-E9AE-4CAA-A648-FDE24C4F4AF7}.Debug|x64.ActiveCfg = Debug|Any CPU
		{C4C94171-E9AE-4CAA-A648-FDE24C4F4AF7}.Debug|x64.Build.0 = Debug|Any CPU
		{C4C94171-E9AE-4CAA-A648-FDE24C4F4AF7}.Debug|x86.ActiveCfg = Debug|Any CPU
		{C4C94171-E9AE-4CAA-A648-FDE24C4F4AF7}.Debug|x86.Build.0 = Debug|Any CPU
		{C4C94171-E9AE-4CAA-A648-FDE24C4F4AF7}.Release|Any CPU.ActiveCfg = Release|Any CPU
		{C4C94171-E9AE-4CAA-A648-FDE24C4F4AF7}.Release|Any CPU.Build.0 = Release|Any CPU
		{C4C94171-E9AE-4CAA-A648-FDE24C4F4AF7}.Release|x64.ActiveCfg = Release|Any CPU
		{C4C94171-E9AE-4CAA-A648-FDE24C4F4AF7}.Release|x64.Build.0 = Release|Any CPU
		{C4C94171-E9AE-4CAA-A648-FDE24C4F4AF7}.Release|x86.ActiveCfg = Release|Any CPU
		{C4C94171-E9AE-4CAA-A648-FDE24C4F4AF7}.Release|x86.Build.0 = Release|Any CPU
		{2C404BFB-9337-4430-8DFE-80747FF7CB85}.Debug|Any CPU.ActiveCfg = Debug|Any CPU
		{2C404BFB-9337-4430-8DFE-80747FF7CB85}.Debug|Any CPU.Build.0 = Debug|Any CPU
		{2C404BFB-9337-4430-8DFE-80747FF7CB85}.Debug|x64.ActiveCfg = Debug|Any CPU
		{2C404BFB-9337-4430-8DFE-80747FF7CB85}.Debug|x64.Build.0 = Debug|Any CPU
		{2C404BFB-9337-4430-8DFE-80747FF7CB85}.Debug|x86.ActiveCfg = Debug|Any CPU
		{2C404BFB-9337-4430-8DFE-80747FF7CB85}.Debug|x86.Build.0 = Debug|Any CPU
		{2C404BFB-9337-4430-8DFE-80747FF7CB85}.Release|Any CPU.ActiveCfg = Release|Any CPU
		{2C404BFB-9337-4430-8DFE-80747FF7CB85}.Release|Any CPU.Build.0 = Release|Any CPU
		{2C404BFB-9337-4430-8DFE-80747FF7CB85}.Release|x64.ActiveCfg = Release|Any CPU
		{2C404BFB-9337-4430-8DFE-80747FF7CB85}.Release|x64.Build.0 = Release|Any CPU
		{2C404BFB-9337-4430-8DFE-80747FF7CB85}.Release|x86.ActiveCfg = Release|Any CPU
		{2C404BFB-9337-4430-8DFE-80747FF7CB85}.Release|x86.Build.0 = Release|Any CPU
		{D9E003E7-A9C5-40AC-AF20-DE4B4A2F1BEF}.Debug|Any CPU.ActiveCfg = Debug|Any CPU
		{D9E003E7-A9C5-40AC-AF20-DE4B4A2F1BEF}.Debug|Any CPU.Build.0 = Debug|Any CPU
		{D9E003E7-A9C5-40AC-AF20-DE4B4A2F1BEF}.Debug|x64.ActiveCfg = Debug|Any CPU
		{D9E003E7-A9C5-40AC-AF20-DE4B4A2F1BEF}.Debug|x64.Build.0 = Debug|Any CPU
		{D9E003E7-A9C5-40AC-AF20-DE4B4A2F1BEF}.Debug|x86.ActiveCfg = Debug|Any CPU
		{D9E003E7-A9C5-40AC-AF20-DE4B4A2F1BEF}.Debug|x86.Build.0 = Debug|Any CPU
		{D9E003E7-A9C5-40AC-AF20-DE4B4A2F1BEF}.Release|Any CPU.ActiveCfg = Release|Any CPU
		{D9E003E7-A9C5-40AC-AF20-DE4B4A2F1BEF}.Release|Any CPU.Build.0 = Release|Any CPU
		{D9E003E7-A9C5-40AC-AF20-DE4B4A2F1BEF}.Release|x64.ActiveCfg = Release|Any CPU
		{D9E003E7-A9C5-40AC-AF20-DE4B4A2F1BEF}.Release|x64.Build.0 = Release|Any CPU
		{D9E003E7-A9C5-40AC-AF20-DE4B4A2F1BEF}.Release|x86.ActiveCfg = Release|Any CPU
		{D9E003E7-A9C5-40AC-AF20-DE4B4A2F1BEF}.Release|x86.Build.0 = Release|Any CPU
		{46BC99F4-8B30-4654-AA01-586CC1727905}.Debug|Any CPU.ActiveCfg = Debug|Any CPU
		{46BC99F4-8B30-4654-AA01-586CC1727905}.Debug|Any CPU.Build.0 = Debug|Any CPU
		{46BC99F4-8B30-4654-AA01-586CC1727905}.Debug|x64.ActiveCfg = Debug|Any CPU
		{46BC99F4-8B30-4654-AA01-586CC1727905}.Debug|x64.Build.0 = Debug|Any CPU
		{46BC99F4-8B30-4654-AA01-586CC1727905}.Debug|x86.ActiveCfg = Debug|Any CPU
		{46BC99F4-8B30-4654-AA01-586CC1727905}.Debug|x86.Build.0 = Debug|Any CPU
		{46BC99F4-8B30-4654-AA01-586CC1727905}.Release|Any CPU.ActiveCfg = Release|Any CPU
		{46BC99F4-8B30-4654-AA01-586CC1727905}.Release|Any CPU.Build.0 = Release|Any CPU
		{46BC99F4-8B30-4654-AA01-586CC1727905}.Release|x64.ActiveCfg = Release|Any CPU
		{46BC99F4-8B30-4654-AA01-586CC1727905}.Release|x64.Build.0 = Release|Any CPU
		{46BC99F4-8B30-4654-AA01-586CC1727905}.Release|x86.ActiveCfg = Release|Any CPU
		{46BC99F4-8B30-4654-AA01-586CC1727905}.Release|x86.Build.0 = Release|Any CPU
		{EBDF5C35-1050-472C-853E-345A8424752E}.Debug|Any CPU.ActiveCfg = Debug|Any CPU
		{EBDF5C35-1050-472C-853E-345A8424752E}.Debug|Any CPU.Build.0 = Debug|Any CPU
		{EBDF5C35-1050-472C-853E-345A8424752E}.Debug|x64.ActiveCfg = Debug|Any CPU
		{EBDF5C35-1050-472C-853E-345A8424752E}.Debug|x64.Build.0 = Debug|Any CPU
		{EBDF5C35-1050-472C-853E-345A8424752E}.Debug|x86.ActiveCfg = Debug|Any CPU
		{EBDF5C35-1050-472C-853E-345A8424752E}.Debug|x86.Build.0 = Debug|Any CPU
		{EBDF5C35-1050-472C-853E-345A8424752E}.Release|Any CPU.ActiveCfg = Release|Any CPU
		{EBDF5C35-1050-472C-853E-345A8424752E}.Release|Any CPU.Build.0 = Release|Any CPU
		{EBDF5C35-1050-472C-853E-345A8424752E}.Release|x64.ActiveCfg = Release|Any CPU
		{EBDF5C35-1050-472C-853E-345A8424752E}.Release|x64.Build.0 = Release|Any CPU
		{EBDF5C35-1050-472C-853E-345A8424752E}.Release|x86.ActiveCfg = Release|Any CPU
		{EBDF5C35-1050-472C-853E-345A8424752E}.Release|x86.Build.0 = Release|Any CPU
	EndGlobalSection
	GlobalSection(SolutionProperties) = preSolution
		HideSolutionNode = FALSE
	EndGlobalSection
	GlobalSection(NestedProjects) = preSolution
		{BB8E0530-8EA6-4E02-9399-03A9AB13705F} = {6E639C7B-6AFA-4E65-B80B-B04105A1067D}
		{D908DFC8-97E8-430A-8F59-715047C17334} = {425236F2-D6A1-41CF-820B-9E90D91C66C3}
		{C4C94171-E9AE-4CAA-A648-FDE24C4F4AF7} = {FCBDDB40-F1BB-47C9-BF52-53371A1F26BA}
		{2C404BFB-9337-4430-8DFE-80747FF7CB85} = {FCBDDB40-F1BB-47C9-BF52-53371A1F26BA}
		{D9E003E7-A9C5-40AC-AF20-DE4B4A2F1BEF} = {D07D78AE-C20E-4144-A255-4C157A39F19A}
		{6E639C7B-6AFA-4E65-B80B-B04105A1067D} = {D07D78AE-C20E-4144-A255-4C157A39F19A}
		{46BC99F4-8B30-4654-AA01-586CC1727905} = {D07D78AE-C20E-4144-A255-4C157A39F19A}
		{EBDF5C35-1050-472C-853E-345A8424752E} = {D07D78AE-C20E-4144-A255-4C157A39F19A}
	EndGlobalSection
	GlobalSection(ExtensibilityGlobals) = postSolution
		SolutionGuid = {C361D6D2-A7F5-49EB-A23C-2A6A2CD54EC4}
	EndGlobalSection
EndGlobal
